// !$*UTF8*$!
{
	archiveVersion = 1;
	classes = {
	};
	objectVersion = 46;
	objects = {

/* Begin PBXBuildFile section */
		5C0055361A9D1E6700FC3362 /* ViewController.m in Sources */ = {isa = PBXBuildFile; fileRef = 5C0055341A9D1E6700FC3362 /* ViewController.m */; };
		5C0055371A9D1E6700FC3362 /* ViewController.xib in Resources */ = {isa = PBXBuildFile; fileRef = 5C0055351A9D1E6700FC3362 /* ViewController.xib */; };
		A3DB17B2196EDE2700430EBE /* Foundation.framework in Frameworks */ = {isa = PBXBuildFile; fileRef = A3DB17B1196EDE2700430EBE /* Foundation.framework */; };
		A3DB17B4196EDE2700430EBE /* CoreGraphics.framework in Frameworks */ = {isa = PBXBuildFile; fileRef = A3DB17B3196EDE2700430EBE /* CoreGraphics.framework */; };
		A3DB17B6196EDE2700430EBE /* UIKit.framework in Frameworks */ = {isa = PBXBuildFile; fileRef = A3DB17B5196EDE2700430EBE /* UIKit.framework */; };
		A3DB17BC196EDE2700430EBE /* InfoPlist.strings in Resources */ = {isa = PBXBuildFile; fileRef = A3DB17BA196EDE2700430EBE /* InfoPlist.strings */; };
		A3DB17BE196EDE2700430EBE /* main.m in Sources */ = {isa = PBXBuildFile; fileRef = A3DB17BD196EDE2700430EBE /* main.m */; };
		A3DB17C2196EDE2700430EBE /* AppDelegate.m in Sources */ = {isa = PBXBuildFile; fileRef = A3DB17C1196EDE2700430EBE /* AppDelegate.m */; };
		A3DB17C4196EDE2700430EBE /* Images.xcassets in Resources */ = {isa = PBXBuildFile; fileRef = A3DB17C3196EDE2700430EBE /* Images.xcassets */; };
		A3DB17CB196EDE2700430EBE /* XCTest.framework in Frameworks */ = {isa = PBXBuildFile; fileRef = A3DB17CA196EDE2700430EBE /* XCTest.framework */; };
		A3DB17CC196EDE2700430EBE /* Foundation.framework in Frameworks */ = {isa = PBXBuildFile; fileRef = A3DB17B1196EDE2700430EBE /* Foundation.framework */; };
		A3DB17CD196EDE2700430EBE /* UIKit.framework in Frameworks */ = {isa = PBXBuildFile; fileRef = A3DB17B5196EDE2700430EBE /* UIKit.framework */; };
		A3DB17D5196EDE2700430EBE /* InfoPlist.strings in Resources */ = {isa = PBXBuildFile; fileRef = A3DB17D3196EDE2700430EBE /* InfoPlist.strings */; };
		A3DB17D7196EDE2700430EBE /* Q2DownloadTests.m in Sources */ = {isa = PBXBuildFile; fileRef = A3DB17D6196EDE2700430EBE /* Q2DownloadTests.m */; };
		A3DB17E3196EDEE500430EBE /* Q2D.m in Sources */ = {isa = PBXBuildFile; fileRef = A3DB17E2196EDEE500430EBE /* Q2D.m */; };
		A3DB17E9196F080000430EBE /* Q2DownloadManager.m in Sources */ = {isa = PBXBuildFile; fileRef = A3DB17E8196F080000430EBE /* Q2DownloadManager.m */; };
		D09FEF0019B22469006BC649 /* Q2DOperationQueue.m in Sources */ = {isa = PBXBuildFile; fileRef = D09FEEFF19B22469006BC649 /* Q2DOperationQueue.m */; };
/* End PBXBuildFile section */

/* Begin PBXContainerItemProxy section */
		A3DB17CE196EDE2700430EBE /* PBXContainerItemProxy */ = {
			isa = PBXContainerItemProxy;
			containerPortal = A3DB17A6196EDE2700430EBE /* Project object */;
			proxyType = 1;
			remoteGlobalIDString = A3DB17AD196EDE2700430EBE;
			remoteInfo = Q2Download;
		};
/* End PBXContainerItemProxy section */

/* Begin PBXFileReference section */
		5C0055331A9D1E6700FC3362 /* ViewController.h */ = {isa = PBXFileReference; fileEncoding = 4; lastKnownFileType = sourcecode.c.h; path = ViewController.h; sourceTree = "<group>"; };
		5C0055341A9D1E6700FC3362 /* ViewController.m */ = {isa = PBXFileReference; fileEncoding = 4; lastKnownFileType = sourcecode.c.objc; path = ViewController.m; sourceTree = "<group>"; };
		5C0055351A9D1E6700FC3362 /* ViewController.xib */ = {isa = PBXFileReference; fileEncoding = 4; lastKnownFileType = file.xib; path = ViewController.xib; sourceTree = "<group>"; };
		A3DB17AE196EDE2700430EBE /* Q2Download.app */ = {isa = PBXFileReference; explicitFileType = wrapper.application; includeInIndex = 0; path = Q2Download.app; sourceTree = BUILT_PRODUCTS_DIR; };
		A3DB17B1196EDE2700430EBE /* Foundation.framework */ = {isa = PBXFileReference; lastKnownFileType = wrapper.framework; name = Foundation.framework; path = System/Library/Frameworks/Foundation.framework; sourceTree = SDKROOT; };
		A3DB17B3196EDE2700430EBE /* CoreGraphics.framework */ = {isa = PBXFileReference; lastKnownFileType = wrapper.framework; name = CoreGraphics.framework; path = System/Library/Frameworks/CoreGraphics.framework; sourceTree = SDKROOT; };
		A3DB17B5196EDE2700430EBE /* UIKit.framework */ = {isa = PBXFileReference; lastKnownFileType = wrapper.framework; name = UIKit.framework; path = System/Library/Frameworks/UIKit.framework; sourceTree = SDKROOT; };
		A3DB17B9196EDE2700430EBE /* Q2Download-Info.plist */ = {isa = PBXFileReference; lastKnownFileType = text.plist.xml; path = "Q2Download-Info.plist"; sourceTree = "<group>"; };
		A3DB17BB196EDE2700430EBE /* en */ = {isa = PBXFileReference; lastKnownFileType = text.plist.strings; name = en; path = en.lproj/InfoPlist.strings; sourceTree = "<group>"; };
		A3DB17BD196EDE2700430EBE /* main.m */ = {isa = PBXFileReference; lastKnownFileType = sourcecode.c.objc; path = main.m; sourceTree = "<group>"; };
		A3DB17BF196EDE2700430EBE /* Q2Download-Prefix.pch */ = {isa = PBXFileReference; lastKnownFileType = sourcecode.c.h; path = "Q2Download-Prefix.pch"; sourceTree = "<group>"; };
		A3DB17C0196EDE2700430EBE /* AppDelegate.h */ = {isa = PBXFileReference; lastKnownFileType = sourcecode.c.h; path = AppDelegate.h; sourceTree = "<group>"; };
		A3DB17C1196EDE2700430EBE /* AppDelegate.m */ = {isa = PBXFileReference; lastKnownFileType = sourcecode.c.objc; path = AppDelegate.m; sourceTree = "<group>"; };
		A3DB17C3196EDE2700430EBE /* Images.xcassets */ = {isa = PBXFileReference; lastKnownFileType = folder.assetcatalog; path = Images.xcassets; sourceTree = "<group>"; };
		A3DB17C9196EDE2700430EBE /* Q2DownloadTests.xctest */ = {isa = PBXFileReference; explicitFileType = wrapper.cfbundle; includeInIndex = 0; path = Q2DownloadTests.xctest; sourceTree = BUILT_PRODUCTS_DIR; };
		A3DB17CA196EDE2700430EBE /* XCTest.framework */ = {isa = PBXFileReference; lastKnownFileType = wrapper.framework; name = XCTest.framework; path = Library/Frameworks/XCTest.framework; sourceTree = DEVELOPER_DIR; };
		A3DB17D2196EDE2700430EBE /* Q2DownloadTests-Info.plist */ = {isa = PBXFileReference; lastKnownFileType = text.plist.xml; path = "Q2DownloadTests-Info.plist"; sourceTree = "<group>"; };
		A3DB17D4196EDE2700430EBE /* en */ = {isa = PBXFileReference; lastKnownFileType = text.plist.strings; name = en; path = en.lproj/InfoPlist.strings; sourceTree = "<group>"; };
		A3DB17D6196EDE2700430EBE /* Q2DownloadTests.m */ = {isa = PBXFileReference; lastKnownFileType = sourcecode.c.objc; path = Q2DownloadTests.m; sourceTree = "<group>"; };
		A3DB17E1196EDEE500430EBE /* Q2D.h */ = {isa = PBXFileReference; fileEncoding = 4; lastKnownFileType = sourcecode.c.h; name = Q2D.h; path = ../Q2D/Q2D.h; sourceTree = "<group>"; };
		A3DB17E2196EDEE500430EBE /* Q2D.m */ = {isa = PBXFileReference; fileEncoding = 4; lastKnownFileType = sourcecode.c.objc; name = Q2D.m; path = ../Q2D/Q2D.m; sourceTree = "<group>"; };
		A3DB17E7196F080000430EBE /* Q2DownloadManager.h */ = {isa = PBXFileReference; fileEncoding = 4; lastKnownFileType = sourcecode.c.h; path = Q2DownloadManager.h; sourceTree = "<group>"; };
		A3DB17E8196F080000430EBE /* Q2DownloadManager.m */ = {isa = PBXFileReference; fileEncoding = 4; lastKnownFileType = sourcecode.c.objc; path = Q2DownloadManager.m; sourceTree = "<group>"; };
		D09FEEFE19B22469006BC649 /* Q2DOperationQueue.h */ = {isa = PBXFileReference; fileEncoding = 4; lastKnownFileType = sourcecode.c.h; name = Q2DOperationQueue.h; path = ../Q2D/Q2DOperationQueue.h; sourceTree = "<group>"; };
		D09FEEFF19B22469006BC649 /* Q2DOperationQueue.m */ = {isa = PBXFileReference; fileEncoding = 4; lastKnownFileType = sourcecode.c.objc; name = Q2DOperationQueue.m; path = ../Q2D/Q2DOperationQueue.m; sourceTree = "<group>"; };
/* End PBXFileReference section */

/* Begin PBXFrameworksBuildPhase section */
		A3DB17AB196EDE2700430EBE /* Frameworks */ = {
			isa = PBXFrameworksBuildPhase;
			buildActionMask = 2147483647;
			files = (
				A3DB17B4196EDE2700430EBE /* CoreGraphics.framework in Frameworks */,
				A3DB17B6196EDE2700430EBE /* UIKit.framework in Frameworks */,
				A3DB17B2196EDE2700430EBE /* Foundation.framework in Frameworks */,
			);
			runOnlyForDeploymentPostprocessing = 0;
		};
		A3DB17C6196EDE2700430EBE /* Frameworks */ = {
			isa = PBXFrameworksBuildPhase;
			buildActionMask = 2147483647;
			files = (
				A3DB17CB196EDE2700430EBE /* XCTest.framework in Frameworks */,
				A3DB17CD196EDE2700430EBE /* UIKit.framework in Frameworks */,
				A3DB17CC196EDE2700430EBE /* Foundation.framework in Frameworks */,
			);
			runOnlyForDeploymentPostprocessing = 0;
		};
/* End PBXFrameworksBuildPhase section */

/* Begin PBXGroup section */
		A3DB17A5196EDE2700430EBE = {
			isa = PBXGroup;
			children = (
				A3DB17E0196EDE5700430EBE /* Q2D */,
				A3DB17B7196EDE2700430EBE /* Q2Download */,
				A3DB17D0196EDE2700430EBE /* Q2DownloadTests */,
				A3DB17B0196EDE2700430EBE /* Frameworks */,
				A3DB17AF196EDE2700430EBE /* Products */,
			);
			sourceTree = "<group>";
		};
		A3DB17AF196EDE2700430EBE /* Products */ = {
			isa = PBXGroup;
			children = (
				A3DB17AE196EDE2700430EBE /* Q2Download.app */,
				A3DB17C9196EDE2700430EBE /* Q2DownloadTests.xctest */,
			);
			name = Products;
			sourceTree = "<group>";
		};
		A3DB17B0196EDE2700430EBE /* Frameworks */ = {
			isa = PBXGroup;
			children = (
				A3DB17B1196EDE2700430EBE /* Foundation.framework */,
				A3DB17B3196EDE2700430EBE /* CoreGraphics.framework */,
				A3DB17B5196EDE2700430EBE /* UIKit.framework */,
				A3DB17CA196EDE2700430EBE /* XCTest.framework */,
			);
			name = Frameworks;
			sourceTree = "<group>";
		};
		A3DB17B7196EDE2700430EBE /* Q2Download */ = {
			isa = PBXGroup;
			children = (
				A3DB17C0196EDE2700430EBE /* AppDelegate.h */,
				A3DB17C1196EDE2700430EBE /* AppDelegate.m */,
				A3DB17E7196F080000430EBE /* Q2DownloadManager.h */,
				A3DB17E8196F080000430EBE /* Q2DownloadManager.m */,
				5C0055331A9D1E6700FC3362 /* ViewController.h */,
				5C0055341A9D1E6700FC3362 /* ViewController.m */,
				5C0055351A9D1E6700FC3362 /* ViewController.xib */,
				A3DB17C3196EDE2700430EBE /* Images.xcassets */,
				A3DB17B8196EDE2700430EBE /* Supporting Files */,
			);
			path = Q2Download;
			sourceTree = "<group>";
		};
		A3DB17B8196EDE2700430EBE /* Supporting Files */ = {
			isa = PBXGroup;
			children = (
				A3DB17B9196EDE2700430EBE /* Q2Download-Info.plist */,
				A3DB17BA196EDE2700430EBE /* InfoPlist.strings */,
				A3DB17BD196EDE2700430EBE /* main.m */,
				A3DB17BF196EDE2700430EBE /* Q2Download-Prefix.pch */,
			);
			name = "Supporting Files";
			sourceTree = "<group>";
		};
		A3DB17D0196EDE2700430EBE /* Q2DownloadTests */ = {
			isa = PBXGroup;
			children = (
				A3DB17D6196EDE2700430EBE /* Q2DownloadTests.m */,
				A3DB17D1196EDE2700430EBE /* Supporting Files */,
			);
			path = Q2DownloadTests;
			sourceTree = "<group>";
		};
		A3DB17D1196EDE2700430EBE /* Supporting Files */ = {
			isa = PBXGroup;
			children = (
				A3DB17D2196EDE2700430EBE /* Q2DownloadTests-Info.plist */,
				A3DB17D3196EDE2700430EBE /* InfoPlist.strings */,
			);
			name = "Supporting Files";
			sourceTree = "<group>";
		};
		A3DB17E0196EDE5700430EBE /* Q2D */ = {
			isa = PBXGroup;
			children = (
				A3DB17E1196EDEE500430EBE /* Q2D.h */,
				A3DB17E2196EDEE500430EBE /* Q2D.m */,
				D09FEEFE19B22469006BC649 /* Q2DOperationQueue.h */,
				D09FEEFF19B22469006BC649 /* Q2DOperationQueue.m */,
			);
			name = Q2D;
			sourceTree = "<group>";
		};
/* End PBXGroup section */

/* Begin PBXNativeTarget section */
		A3DB17AD196EDE2700430EBE /* Q2Download */ = {
			isa = PBXNativeTarget;
			buildConfigurationList = A3DB17DA196EDE2700430EBE /* Build configuration list for PBXNativeTarget "Q2Download" */;
			buildPhases = (
				A3DB17AA196EDE2700430EBE /* Sources */,
				A3DB17AB196EDE2700430EBE /* Frameworks */,
				A3DB17AC196EDE2700430EBE /* Resources */,
			);
			buildRules = (
			);
			dependencies = (
			);
			name = Q2Download;
			productName = Q2Download;
			productReference = A3DB17AE196EDE2700430EBE /* Q2Download.app */;
			productType = "com.apple.product-type.application";
		};
		A3DB17C8196EDE2700430EBE /* Q2DownloadTests */ = {
			isa = PBXNativeTarget;
			buildConfigurationList = A3DB17DD196EDE2700430EBE /* Build configuration list for PBXNativeTarget "Q2DownloadTests" */;
			buildPhases = (
				A3DB17C5196EDE2700430EBE /* Sources */,
				A3DB17C6196EDE2700430EBE /* Frameworks */,
				A3DB17C7196EDE2700430EBE /* Resources */,
			);
			buildRules = (
			);
			dependencies = (
				A3DB17CF196EDE2700430EBE /* PBXTargetDependency */,
			);
			name = Q2DownloadTests;
			productName = Q2DownloadTests;
			productReference = A3DB17C9196EDE2700430EBE /* Q2DownloadTests.xctest */;
			productType = "com.apple.product-type.bundle.unit-test";
		};
/* End PBXNativeTarget section */

/* Begin PBXProject section */
		A3DB17A6196EDE2700430EBE /* Project object */ = {
			isa = PBXProject;
			attributes = {
				LastUpgradeCheck = 0510;
				ORGANIZATIONNAME = justinpoliachik;
				TargetAttributes = {
					A3DB17C8196EDE2700430EBE = {
						TestTargetID = A3DB17AD196EDE2700430EBE;
					};
				};
			};
			buildConfigurationList = A3DB17A9196EDE2700430EBE /* Build configuration list for PBXProject "Q2Download" */;
			compatibilityVersion = "Xcode 3.2";
			developmentRegion = English;
			hasScannedForEncodings = 0;
			knownRegions = (
				en,
			);
			mainGroup = A3DB17A5196EDE2700430EBE;
			productRefGroup = A3DB17AF196EDE2700430EBE /* Products */;
			projectDirPath = "";
			projectRoot = "";
			targets = (
				A3DB17AD196EDE2700430EBE /* Q2Download */,
				A3DB17C8196EDE2700430EBE /* Q2DownloadTests */,
			);
		};
/* End PBXProject section */

/* Begin PBXResourcesBuildPhase section */
		A3DB17AC196EDE2700430EBE /* Resources */ = {
			isa = PBXResourcesBuildPhase;
			buildActionMask = 2147483647;
			files = (
				A3DB17BC196EDE2700430EBE /* InfoPlist.strings in Resources */,
				5C0055371A9D1E6700FC3362 /* ViewController.xib in Resources */,
				A3DB17C4196EDE2700430EBE /* Images.xcassets in Resources */,
			);
			runOnlyForDeploymentPostprocessing = 0;
		};
		A3DB17C7196EDE2700430EBE /* Resources */ = {
			isa = PBXResourcesBuildPhase;
			buildActionMask = 2147483647;
			files = (
				A3DB17D5196EDE2700430EBE /* InfoPlist.strings in Resources */,
			);
			runOnlyForDeploymentPostprocessing = 0;
		};
/* End PBXResourcesBuildPhase section */

/* Begin PBXSourcesBuildPhase section */
		A3DB17AA196EDE2700430EBE /* Sources */ = {
			isa = PBXSourcesBuildPhase;
			buildActionMask = 2147483647;
			files = (
				5C0055361A9D1E6700FC3362 /* ViewController.m in Sources */,
				D09FEF0019B22469006BC649 /* Q2DOperationQueue.m in Sources */,
				A3DB17E3196EDEE500430EBE /* Q2D.m in Sources */,
				A3DB17C2196EDE2700430EBE /* AppDelegate.m in Sources */,
				A3DB17E9196F080000430EBE /* Q2DownloadManager.m in Sources */,
				A3DB17BE196EDE2700430EBE /* main.m in Sources */,
			);
			runOnlyForDeploymentPostprocessing = 0;
		};
		A3DB17C5196EDE2700430EBE /* Sources */ = {
			isa = PBXSourcesBuildPhase;
			buildActionMask = 2147483647;
			files = (
				A3DB17D7196EDE2700430EBE /* Q2DownloadTests.m in Sources */,
			);
			runOnlyForDeploymentPostprocessing = 0;
		};
/* End PBXSourcesBuildPhase section */

/* Begin PBXTargetDependency section */
		A3DB17CF196EDE2700430EBE /* PBXTargetDependency */ = {
			isa = PBXTargetDependency;
			target = A3DB17AD196EDE2700430EBE /* Q2Download */;
			targetProxy = A3DB17CE196EDE2700430EBE /* PBXContainerItemProxy */;
		};
/* End PBXTargetDependency section */

/* Begin PBXVariantGroup section */
		A3DB17BA196EDE2700430EBE /* InfoPlist.strings */ = {
			isa = PBXVariantGroup;
			children = (
				A3DB17BB196EDE2700430EBE /* en */,
			);
			name = InfoPlist.strings;
			sourceTree = "<group>";
		};
		A3DB17D3196EDE2700430EBE /* InfoPlist.strings */ = {
			isa = PBXVariantGroup;
			children = (
				A3DB17D4196EDE2700430EBE /* en */,
			);
			name = InfoPlist.strings;
			sourceTree = "<group>";
		};
/* End PBXVariantGroup section */

/* Begin XCBuildConfiguration section */
		A3DB17D8196EDE2700430EBE /* Debug */ = {
			isa = XCBuildConfiguration;
			buildSettings = {
				ALWAYS_SEARCH_USER_PATHS = NO;
				CLANG_CXX_LANGUAGE_STANDARD = "gnu++0x";
				CLANG_CXX_LIBRARY = "libc++";
				CLANG_ENABLE_MODULES = YES;
				CLANG_ENABLE_OBJC_ARC = YES;
				CLANG_WARN_BOOL_CONVERSION = YES;
				CLANG_WARN_CONSTANT_CONVERSION = YES;
				CLANG_WARN_DIRECT_OBJC_ISA_USAGE = YES_ERROR;
				CLANG_WARN_EMPTY_BODY = YES;
				CLANG_WARN_ENUM_CONVERSION = YES;
				CLANG_WARN_INT_CONVERSION = YES;
				CLANG_WARN_OBJC_ROOT_CLASS = YES_ERROR;
				CLANG_WARN__DUPLICATE_METHOD_MATCH = YES;
				"CODE_SIGN_IDENTITY[sdk=iphoneos*]" = "iPhone Developer";
				COPY_PHASE_STRIP = NO;
				GCC_C_LANGUAGE_STANDARD = gnu99;
				GCC_DYNAMIC_NO_PIC = NO;
				GCC_OPTIMIZATION_LEVEL = 0;
				GCC_PREPROCESSOR_DEFINITIONS = (
					"DEBUG=1",
					"$(inherited)",
				);
				GCC_SYMBOLS_PRIVATE_EXTERN = NO;
				GCC_WARN_64_TO_32_BIT_CONVERSION = YES;
				GCC_WARN_ABOUT_RETURN_TYPE = YES_ERROR;
				GCC_WARN_UNDECLARED_SELECTOR = YES;
				GCC_WARN_UNINITIALIZED_AUTOS = YES_AGGRESSIVE;
				GCC_WARN_UNUSED_FUNCTION = YES;
				GCC_WARN_UNUSED_VARIABLE = YES;
				IPHONEOS_DEPLOYMENT_TARGET = 7.1;
				ONLY_ACTIVE_ARCH = YES;
				SDKROOT = iphoneos;
			};
			name = Debug;
		};
		A3DB17D9196EDE2700430EBE /* Release */ = {
			isa = XCBuildConfiguration;
			buildSettings = {
				ALWAYS_SEARCH_USER_PATHS = NO;
				CLANG_CXX_LANGUAGE_STANDARD = "gnu++0x";
				CLANG_CXX_LIBRARY = "libc++";
				CLANG_ENABLE_MODULES = YES;
				CLANG_ENABLE_OBJC_ARC = YES;
				CLANG_WARN_BOOL_CONVERSION = YES;
				CLANG_WARN_CONSTANT_CONVERSION = YES;
				CLANG_WARN_DIRECT_OBJC_ISA_USAGE = YES_ERROR;
				CLANG_WARN_EMPTY_BODY = YES;
				CLANG_WARN_ENUM_CONVERSION = YES;
				CLANG_WARN_INT_CONVERSION = YES;
				CLANG_WARN_OBJC_ROOT_CLASS = YES_ERROR;
				CLANG_WARN__DUPLICATE_METHOD_MATCH = YES;
				"CODE_SIGN_IDENTITY[sdk=iphoneos*]" = "iPhone Developer";
				COPY_PHASE_STRIP = YES;
				ENABLE_NS_ASSERTIONS = NO;
				GCC_C_LANGUAGE_STANDARD = gnu99;
				GCC_WARN_64_TO_32_BIT_CONVERSION = YES;
				GCC_WARN_ABOUT_RETURN_TYPE = YES_ERROR;
				GCC_WARN_UNDECLARED_SELECTOR = YES;
				GCC_WARN_UNINITIALIZED_AUTOS = YES_AGGRESSIVE;
				GCC_WARN_UNUSED_FUNCTION = YES;
				GCC_WARN_UNUSED_VARIABLE = YES;
				IPHONEOS_DEPLOYMENT_TARGET = 7.1;
				SDKROOT = iphoneos;
				VALIDATE_PRODUCT = YES;
			};
			name = Release;
		};
		A3DB17DB196EDE2700430EBE /* Debug */ = {
			isa = XCBuildConfiguration;
			buildSettings = {
				ASSETCATALOG_COMPILER_APPICON_NAME = AppIcon;
				ASSETCATALOG_COMPILER_LAUNCHIMAGE_NAME = LaunchImage;
				GCC_PRECOMPILE_PREFIX_HEADER = YES;
				GCC_PREFIX_HEADER = "Q2Download/Q2Download-Prefix.pch";
				INFOPLIST_FILE = "Q2Download/Q2Download-Info.plist";
				PRODUCT_NAME = "$(TARGET_NAME)";
				WRAPPER_EXTENSION = app;
			};
			name = Debug;
		};
		A3DB17DC196EDE2700430EBE /* Release */ = {
			isa = XCBuildConfiguration;
			buildSettings = {
				ASSETCATALOG_COMPILER_APPICON_NAME = AppIcon;
				ASSETCATALOG_COMPILER_LAUNCHIMAGE_NAME = LaunchImage;
				GCC_PRECOMPILE_PREFIX_HEADER = YES;
				GCC_PREFIX_HEADER = "Q2Download/Q2Download-Prefix.pch";
				INFOPLIST_FILE = "Q2Download/Q2Download-Info.plist";
				PRODUCT_NAME = "$(TARGET_NAME)";
				WRAPPER_EXTENSION = app;
			};
			name = Release;
		};
		A3DB17DE196EDE2700430EBE /* Debug */ = {
			isa = XCBuildConfiguration;
			buildSettings = {
				BUNDLE_LOADER = "$(BUILT_PRODUCTS_DIR)/Q2Download.app/Q2Download";
				FRAMEWORK_SEARCH_PATHS = (
					"$(SDKROOT)/Developer/Library/Frameworks",
					"$(inherited)",
					"$(DEVELOPER_FRAMEWORKS_DIR)",
				);
				GCC_PRECOMPILE_PREFIX_HEADER = YES;
				GCC_PREFIX_HEADER = "Q2Download/Q2Download-Prefix.pch";
				GCC_PREPROCESSOR_DEFINITIONS = (
					"DEBUG=1",
					"$(inherited)",
				);
				INFOPLIST_FILE = "Q2DownloadTests/Q2DownloadTests-Info.plist";
				PRODUCT_NAME = "$(TARGET_NAME)";
				TEST_HOST = "$(BUNDLE_LOADER)";
				WRAPPER_EXTENSION = xctest;
			};
			name = Debug;
		};
		A3DB17DF196EDE2700430EBE /* Release */ = {
			isa = XCBuildConfiguration;
			buildSettings = {
				BUNDLE_LOADER = "$(BUILT_PRODUCTS_DIR)/Q2Download.app/Q2Download";
				FRAMEWORK_SEARCH_PATHS = (
					"$(SDKROOT)/Developer/Library/Frameworks",
					"$(inherited)",
					"$(DEVELOPER_FRAMEWORKS_DIR)",
				);
				GCC_PRECOMPILE_PREFIX_HEADER = YES;
				GCC_PREFIX_HEADER = "Q2Download/Q2Download-Prefix.pch";
				INFOPLIST_FILE = "Q2DownloadTests/Q2DownloadTests-Info.plist";
				PRODUCT_NAME = "$(TARGET_NAME)";
				TEST_HOST = "$(BUNDLE_LOADER)";
				WRAPPER_EXTENSION = xctest;
			};
			name = Release;
		};
/* End XCBuildConfiguration section */

/* Begin XCConfigurationList section */
		A3DB17A9196EDE2700430EBE /* Build configuration list for PBXProject "Q2Download" */ = {
			isa = XCConfigurationList;
			buildConfigurations = (
				A3DB17D8196EDE2700430EBE /* Debug */,
				A3DB17D9196EDE2700430EBE /* Release */,
			);
			defaultConfigurationIsVisible = 0;
			defaultConfigurationName = Release;
		};
		A3DB17DA196EDE2700430EBE /* Build configuration list for PBXNativeTarget "Q2Download" */ = {
			isa = XCConfigurationList;
			buildConfigurations = (
				A3DB17DB196EDE2700430EBE /* Debug */,
				A3DB17DC196EDE2700430EBE /* Release */,
			);
			defaultConfigurationIsVisible = 0;
			defaultConfigurationName = Release;
		};
		A3DB17DD196EDE2700430EBE /* Build configuration list for PBXNativeTarget "Q2DownloadTests" */ = {
			isa = XCConfigurationList;
			buildConfigurations = (
				A3DB17DE196EDE2700430EBE /* Debug */,
				A3DB17DF196EDE2700430EBE /* Release */,
			);
			defaultConfigurationIsVisible = 0;
			defaultConfigurationName = Release;
		};
/* End XCConfigurationList section */
	};
	rootObject = A3DB17A6196EDE2700430EBE /* Project object */;
}
